// !$*UTF8*$!
{
	archiveVersion = 1;
	classes = {
	};
	objectVersion = 46;
	objects = {

/* Begin PBXBuildFile section */
		D62CA49F1B0800B0000768B0 /* FutureFramework.h in Headers */ = {isa = PBXBuildFile; fileRef = D62CA49E1B0800B0000768B0 /* FutureFramework.h */; settings = {ATTRIBUTES = (Public, ); }; };
		D62CA4A51B0800B0000768B0 /* FutureFramework.framework in Frameworks */ = {isa = PBXBuildFile; fileRef = D62CA4991B0800B0000768B0 /* FutureFramework.framework */; };
		D62CA4AC1B0800B0000768B0 /* FutureFrameworkTests.m in Sources */ = {isa = PBXBuildFile; fileRef = D62CA4AB1B0800B0000768B0 /* FutureFrameworkTests.m */; };
		D6E017501B08062D00DAFA0C /* AFHTTPRequestOperation.h in Headers */ = {isa = PBXBuildFile; fileRef = D6E0173D1B08062D00DAFA0C /* AFHTTPRequestOperation.h */; settings = {ATTRIBUTES = (Public, ); }; };
		D6E017511B08062D00DAFA0C /* AFHTTPRequestOperation.m in Sources */ = {isa = PBXBuildFile; fileRef = D6E0173E1B08062D00DAFA0C /* AFHTTPRequestOperation.m */; };
		D6E017521B08062D00DAFA0C /* AFHTTPRequestOperationManager.h in Headers */ = {isa = PBXBuildFile; fileRef = D6E0173F1B08062D00DAFA0C /* AFHTTPRequestOperationManager.h */; settings = {ATTRIBUTES = (Public, ); }; };
		D6E017531B08062D00DAFA0C /* AFHTTPRequestOperationManager.m in Sources */ = {isa = PBXBuildFile; fileRef = D6E017401B08062D00DAFA0C /* AFHTTPRequestOperationManager.m */; };
		D6E017541B08062D00DAFA0C /* AFHTTPSessionManager.h in Headers */ = {isa = PBXBuildFile; fileRef = D6E017411B08062D00DAFA0C /* AFHTTPSessionManager.h */; settings = {ATTRIBUTES = (Public, ); }; };
		D6E017551B08062D00DAFA0C /* AFHTTPSessionManager.m in Sources */ = {isa = PBXBuildFile; fileRef = D6E017421B08062D00DAFA0C /* AFHTTPSessionManager.m */; };
		D6E017561B08062D00DAFA0C /* AFNetworking.h in Headers */ = {isa = PBXBuildFile; fileRef = D6E017431B08062D00DAFA0C /* AFNetworking.h */; settings = {ATTRIBUTES = (Public, ); }; };
		D6E017571B08062D00DAFA0C /* AFNetworkReachabilityManager.h in Headers */ = {isa = PBXBuildFile; fileRef = D6E017441B08062D00DAFA0C /* AFNetworkReachabilityManager.h */; settings = {ATTRIBUTES = (Public, ); }; };
		D6E017581B08062D00DAFA0C /* AFNetworkReachabilityManager.m in Sources */ = {isa = PBXBuildFile; fileRef = D6E017451B08062D00DAFA0C /* AFNetworkReachabilityManager.m */; };
		D6E017591B08062D00DAFA0C /* AFSecurityPolicy.h in Headers */ = {isa = PBXBuildFile; fileRef = D6E017461B08062D00DAFA0C /* AFSecurityPolicy.h */; settings = {ATTRIBUTES = (Public, ); }; };
		D6E0175A1B08062D00DAFA0C /* AFSecurityPolicy.m in Sources */ = {isa = PBXBuildFile; fileRef = D6E017471B08062D00DAFA0C /* AFSecurityPolicy.m */; };
		D6E0175B1B08062D00DAFA0C /* AFURLConnectionOperation.h in Headers */ = {isa = PBXBuildFile; fileRef = D6E017481B08062D00DAFA0C /* AFURLConnectionOperation.h */; settings = {ATTRIBUTES = (Public, ); }; };
		D6E0175C1B08062D00DAFA0C /* AFURLConnectionOperation.m in Sources */ = {isa = PBXBuildFile; fileRef = D6E017491B08062D00DAFA0C /* AFURLConnectionOperation.m */; };
		D6E0175D1B08062D00DAFA0C /* AFURLRequestSerialization.h in Headers */ = {isa = PBXBuildFile; fileRef = D6E0174A1B08062D00DAFA0C /* AFURLRequestSerialization.h */; settings = {ATTRIBUTES = (Public, ); }; };
		D6E0175E1B08062D00DAFA0C /* AFURLRequestSerialization.m in Sources */ = {isa = PBXBuildFile; fileRef = D6E0174B1B08062D00DAFA0C /* AFURLRequestSerialization.m */; };
		D6E0175F1B08062D00DAFA0C /* AFURLResponseSerialization.h in Headers */ = {isa = PBXBuildFile; fileRef = D6E0174C1B08062D00DAFA0C /* AFURLResponseSerialization.h */; settings = {ATTRIBUTES = (Public, ); }; };
		D6E017601B08062D00DAFA0C /* AFURLResponseSerialization.m in Sources */ = {isa = PBXBuildFile; fileRef = D6E0174D1B08062D00DAFA0C /* AFURLResponseSerialization.m */; };
		D6E017611B08062D00DAFA0C /* AFURLSessionManager.h in Headers */ = {isa = PBXBuildFile; fileRef = D6E0174E1B08062D00DAFA0C /* AFURLSessionManager.h */; settings = {ATTRIBUTES = (Public, ); }; };
		D6E017621B08062D00DAFA0C /* AFURLSessionManager.m in Sources */ = {isa = PBXBuildFile; fileRef = D6E0174F1B08062D00DAFA0C /* AFURLSessionManager.m */; };
		D6E0176E1B080EEA00DAFA0C /* iCarousel.h in Headers */ = {isa = PBXBuildFile; fileRef = D6E0176C1B080EEA00DAFA0C /* iCarousel.h */; settings = {ATTRIBUTES = (Public, ); }; };
		D6E0176F1B080EEA00DAFA0C /* iCarousel.m in Sources */ = {isa = PBXBuildFile; fileRef = D6E0176D1B080EEA00DAFA0C /* iCarousel.m */; };
		D6E0177D1B081A2A00DAFA0C /* httpWebServices.plist in Resources */ = {isa = PBXBuildFile; fileRef = D6E0177C1B081A2A00DAFA0C /* httpWebServices.plist */; };
		D6E0177F1B081E7A00DAFA0C /* FutureServices.m in Sources */ = {isa = PBXBuildFile; fileRef = D6E0177E1B081E7A00DAFA0C /* FutureServices.m */; };
		D6E017811B081FAF00DAFA0C /* FutureServices.h in Headers */ = {isa = PBXBuildFile; fileRef = D6E017801B081E8C00DAFA0C /* FutureServices.h */; settings = {ATTRIBUTES = (Public, ); }; };
/* End PBXBuildFile section */

/* Begin PBXContainerItemProxy section */
		D62CA4A61B0800B0000768B0 /* PBXContainerItemProxy */ = {
			isa = PBXContainerItemProxy;
			containerPortal = D62CA4901B0800B0000768B0 /* Project object */;
			proxyType = 1;
			remoteGlobalIDString = D62CA4981B0800B0000768B0;
			remoteInfo = FutureFramework;
		};
/* End PBXContainerItemProxy section */

/* Begin PBXFileReference section */
		D62CA4991B0800B0000768B0 /* FutureFramework.framework */ = {isa = PBXFileReference; explicitFileType = wrapper.framework; includeInIndex = 0; path = FutureFramework.framework; sourceTree = BUILT_PRODUCTS_DIR; };
		D62CA49D1B0800B0000768B0 /* Info.plist */ = {isa = PBXFileReference; lastKnownFileType = text.plist.xml; path = Info.plist; sourceTree = "<group>"; };
		D62CA49E1B0800B0000768B0 /* FutureFramework.h */ = {isa = PBXFileReference; lastKnownFileType = sourcecode.c.h; path = FutureFramework.h; sourceTree = "<group>"; };
		D62CA4A41B0800B0000768B0 /* FutureFrameworkTests.xctest */ = {isa = PBXFileReference; explicitFileType = wrapper.cfbundle; includeInIndex = 0; path = FutureFrameworkTests.xctest; sourceTree = BUILT_PRODUCTS_DIR; };
		D62CA4AA1B0800B0000768B0 /* Info.plist */ = {isa = PBXFileReference; lastKnownFileType = text.plist.xml; path = Info.plist; sourceTree = "<group>"; };
		D62CA4AB1B0800B0000768B0 /* FutureFrameworkTests.m */ = {isa = PBXFileReference; lastKnownFileType = sourcecode.c.objc; path = FutureFrameworkTests.m; sourceTree = "<group>"; };
		D6E0173D1B08062D00DAFA0C /* AFHTTPRequestOperation.h */ = {isa = PBXFileReference; fileEncoding = 4; lastKnownFileType = sourcecode.c.h; path = AFHTTPRequestOperation.h; sourceTree = "<group>"; };
		D6E0173E1B08062D00DAFA0C /* AFHTTPRequestOperation.m */ = {isa = PBXFileReference; fileEncoding = 4; lastKnownFileType = sourcecode.c.objc; path = AFHTTPRequestOperation.m; sourceTree = "<group>"; };
		D6E0173F1B08062D00DAFA0C /* AFHTTPRequestOperationManager.h */ = {isa = PBXFileReference; fileEncoding = 4; lastKnownFileType = sourcecode.c.h; path = AFHTTPRequestOperationManager.h; sourceTree = "<group>"; };
		D6E017401B08062D00DAFA0C /* AFHTTPRequestOperationManager.m */ = {isa = PBXFileReference; fileEncoding = 4; lastKnownFileType = sourcecode.c.objc; path = AFHTTPRequestOperationManager.m; sourceTree = "<group>"; };
		D6E017411B08062D00DAFA0C /* AFHTTPSessionManager.h */ = {isa = PBXFileReference; fileEncoding = 4; lastKnownFileType = sourcecode.c.h; path = AFHTTPSessionManager.h; sourceTree = "<group>"; };
		D6E017421B08062D00DAFA0C /* AFHTTPSessionManager.m */ = {isa = PBXFileReference; fileEncoding = 4; lastKnownFileType = sourcecode.c.objc; path = AFHTTPSessionManager.m; sourceTree = "<group>"; };
		D6E017431B08062D00DAFA0C /* AFNetworking.h */ = {isa = PBXFileReference; fileEncoding = 4; lastKnownFileType = sourcecode.c.h; path = AFNetworking.h; sourceTree = "<group>"; };
		D6E017441B08062D00DAFA0C /* AFNetworkReachabilityManager.h */ = {isa = PBXFileReference; fileEncoding = 4; lastKnownFileType = sourcecode.c.h; path = AFNetworkReachabilityManager.h; sourceTree = "<group>"; };
		D6E017451B08062D00DAFA0C /* AFNetworkReachabilityManager.m */ = {isa = PBXFileReference; fileEncoding = 4; lastKnownFileType = sourcecode.c.objc; path = AFNetworkReachabilityManager.m; sourceTree = "<group>"; };
		D6E017461B08062D00DAFA0C /* AFSecurityPolicy.h */ = {isa = PBXFileReference; fileEncoding = 4; lastKnownFileType = sourcecode.c.h; path = AFSecurityPolicy.h; sourceTree = "<group>"; };
		D6E017471B08062D00DAFA0C /* AFSecurityPolicy.m */ = {isa = PBXFileReference; fileEncoding = 4; lastKnownFileType = sourcecode.c.objc; path = AFSecurityPolicy.m; sourceTree = "<group>"; };
		D6E017481B08062D00DAFA0C /* AFURLConnectionOperation.h */ = {isa = PBXFileReference; fileEncoding = 4; lastKnownFileType = sourcecode.c.h; path = AFURLConnectionOperation.h; sourceTree = "<group>"; };
		D6E017491B08062D00DAFA0C /* AFURLConnectionOperation.m */ = {isa = PBXFileReference; fileEncoding = 4; lastKnownFileType = sourcecode.c.objc; path = AFURLConnectionOperation.m; sourceTree = "<group>"; };
		D6E0174A1B08062D00DAFA0C /* AFURLRequestSerialization.h */ = {isa = PBXFileReference; fileEncoding = 4; lastKnownFileType = sourcecode.c.h; path = AFURLRequestSerialization.h; sourceTree = "<group>"; };
		D6E0174B1B08062D00DAFA0C /* AFURLRequestSerialization.m */ = {isa = PBXFileReference; fileEncoding = 4; lastKnownFileType = sourcecode.c.objc; path = AFURLRequestSerialization.m; sourceTree = "<group>"; };
		D6E0174C1B08062D00DAFA0C /* AFURLResponseSerialization.h */ = {isa = PBXFileReference; fileEncoding = 4; lastKnownFileType = sourcecode.c.h; path = AFURLResponseSerialization.h; sourceTree = "<group>"; };
		D6E0174D1B08062D00DAFA0C /* AFURLResponseSerialization.m */ = {isa = PBXFileReference; fileEncoding = 4; lastKnownFileType = sourcecode.c.objc; path = AFURLResponseSerialization.m; sourceTree = "<group>"; };
		D6E0174E1B08062D00DAFA0C /* AFURLSessionManager.h */ = {isa = PBXFileReference; fileEncoding = 4; lastKnownFileType = sourcecode.c.h; path = AFURLSessionManager.h; sourceTree = "<group>"; };
		D6E0174F1B08062D00DAFA0C /* AFURLSessionManager.m */ = {isa = PBXFileReference; fileEncoding = 4; lastKnownFileType = sourcecode.c.objc; path = AFURLSessionManager.m; sourceTree = "<group>"; };
		D6E0176C1B080EEA00DAFA0C /* iCarousel.h */ = {isa = PBXFileReference; fileEncoding = 4; lastKnownFileType = sourcecode.c.h; path = iCarousel.h; sourceTree = "<group>"; };
		D6E0176D1B080EEA00DAFA0C /* iCarousel.m */ = {isa = PBXFileReference; fileEncoding = 4; lastKnownFileType = sourcecode.c.objc; path = iCarousel.m; sourceTree = "<group>"; };
		D6E0177C1B081A2A00DAFA0C /* httpWebServices.plist */ = {isa = PBXFileReference; fileEncoding = 4; lastKnownFileType = text.plist.xml; path = httpWebServices.plist; sourceTree = "<group>"; };
		D6E0177E1B081E7A00DAFA0C /* FutureServices.m */ = {isa = PBXFileReference; fileEncoding = 4; lastKnownFileType = sourcecode.c.objc; path = FutureServices.m; sourceTree = "<group>"; };
		D6E017801B081E8C00DAFA0C /* FutureServices.h */ = {isa = PBXFileReference; lastKnownFileType = sourcecode.c.h; path = FutureServices.h; sourceTree = "<group>"; };
/* End PBXFileReference section */

/* Begin PBXFrameworksBuildPhase section */
		D62CA4951B0800B0000768B0 /* Frameworks */ = {
			isa = PBXFrameworksBuildPhase;
			buildActionMask = 2147483647;
			files = (
			);
			runOnlyForDeploymentPostprocessing = 0;
		};
		D62CA4A11B0800B0000768B0 /* Frameworks */ = {
			isa = PBXFrameworksBuildPhase;
			buildActionMask = 2147483647;
			files = (
				D62CA4A51B0800B0000768B0 /* FutureFramework.framework in Frameworks */,
			);
			runOnlyForDeploymentPostprocessing = 0;
		};
/* End PBXFrameworksBuildPhase section */

/* Begin PBXGroup section */
		D62CA48F1B0800B0000768B0 = {
			isa = PBXGroup;
			children = (
				D62CA49B1B0800B0000768B0 /* FutureFramework */,
				D62CA4A81B0800B0000768B0 /* FutureFrameworkTests */,
				D62CA49A1B0800B0000768B0 /* Products */,
			);
			sourceTree = "<group>";
		};
		D62CA49A1B0800B0000768B0 /* Products */ = {
			isa = PBXGroup;
			children = (
				D62CA4991B0800B0000768B0 /* FutureFramework.framework */,
				D62CA4A41B0800B0000768B0 /* FutureFrameworkTests.xctest */,
			);
			name = Products;
			sourceTree = "<group>";
		};
		D62CA49B1B0800B0000768B0 /* FutureFramework */ = {
			isa = PBXGroup;
			children = (
				D6E017781B08156D00DAFA0C /* Services */,
				D6E0176B1B080EDD00DAFA0C /* iCarousel */,
				D6E0173C1B0805DF00DAFA0C /* AFNetworking */,
				D62CA49E1B0800B0000768B0 /* FutureFramework.h */,
				D62CA49C1B0800B0000768B0 /* Supporting Files */,
			);
			path = FutureFramework;
			sourceTree = "<group>";
		};
		D62CA49C1B0800B0000768B0 /* Supporting Files */ = {
			isa = PBXGroup;
			children = (
				D62CA49D1B0800B0000768B0 /* Info.plist */,
				D6E0177C1B081A2A00DAFA0C /* httpWebServices.plist */,
			);
			name = "Supporting Files";
			sourceTree = "<group>";
		};
		D62CA4A81B0800B0000768B0 /* FutureFrameworkTests */ = {
			isa = PBXGroup;
			children = (
				D62CA4AB1B0800B0000768B0 /* FutureFrameworkTests.m */,
				D62CA4A91B0800B0000768B0 /* Supporting Files */,
			);
			path = FutureFrameworkTests;
			sourceTree = "<group>";
		};
		D62CA4A91B0800B0000768B0 /* Supporting Files */ = {
			isa = PBXGroup;
			children = (
				D62CA4AA1B0800B0000768B0 /* Info.plist */,
			);
			name = "Supporting Files";
			sourceTree = "<group>";
		};
		D6E0173C1B0805DF00DAFA0C /* AFNetworking */ = {
			isa = PBXGroup;
			children = (
				D6E0173D1B08062D00DAFA0C /* AFHTTPRequestOperation.h */,
				D6E0173E1B08062D00DAFA0C /* AFHTTPRequestOperation.m */,
				D6E0173F1B08062D00DAFA0C /* AFHTTPRequestOperationManager.h */,
				D6E017401B08062D00DAFA0C /* AFHTTPRequestOperationManager.m */,
				D6E017411B08062D00DAFA0C /* AFHTTPSessionManager.h */,
				D6E017421B08062D00DAFA0C /* AFHTTPSessionManager.m */,
				D6E017431B08062D00DAFA0C /* AFNetworking.h */,
				D6E017441B08062D00DAFA0C /* AFNetworkReachabilityManager.h */,
				D6E017451B08062D00DAFA0C /* AFNetworkReachabilityManager.m */,
				D6E017461B08062D00DAFA0C /* AFSecurityPolicy.h */,
				D6E017471B08062D00DAFA0C /* AFSecurityPolicy.m */,
				D6E017481B08062D00DAFA0C /* AFURLConnectionOperation.h */,
				D6E017491B08062D00DAFA0C /* AFURLConnectionOperation.m */,
				D6E0174A1B08062D00DAFA0C /* AFURLRequestSerialization.h */,
				D6E0174B1B08062D00DAFA0C /* AFURLRequestSerialization.m */,
				D6E0174C1B08062D00DAFA0C /* AFURLResponseSerialization.h */,
				D6E0174D1B08062D00DAFA0C /* AFURLResponseSerialization.m */,
				D6E0174E1B08062D00DAFA0C /* AFURLSessionManager.h */,
				D6E0174F1B08062D00DAFA0C /* AFURLSessionManager.m */,
			);
			name = AFNetworking;
			sourceTree = "<group>";
		};
		D6E0176B1B080EDD00DAFA0C /* iCarousel */ = {
			isa = PBXGroup;
			children = (
				D6E0176C1B080EEA00DAFA0C /* iCarousel.h */,
				D6E0176D1B080EEA00DAFA0C /* iCarousel.m */,
			);
			name = iCarousel;
			sourceTree = "<group>";
		};
		D6E017781B08156D00DAFA0C /* Services */ = {
			isa = PBXGroup;
			children = (
				D6E0177E1B081E7A00DAFA0C /* FutureServices.m */,
				D6E017801B081E8C00DAFA0C /* FutureServices.h */,
			);
			name = Services;
			sourceTree = "<group>";
		};
/* End PBXGroup section */

/* Begin PBXHeadersBuildPhase section */
		D62CA4961B0800B0000768B0 /* Headers */ = {
			isa = PBXHeadersBuildPhase;
			buildActionMask = 2147483647;
			files = (
				D6E017811B081FAF00DAFA0C /* FutureServices.h in Headers */,
				D6E017611B08062D00DAFA0C /* AFURLSessionManager.h in Headers */,
				D6E0175D1B08062D00DAFA0C /* AFURLRequestSerialization.h in Headers */,
				D62CA49F1B0800B0000768B0 /* FutureFramework.h in Headers */,
				D6E017501B08062D00DAFA0C /* AFHTTPRequestOperation.h in Headers */,
				D6E017541B08062D00DAFA0C /* AFHTTPSessionManager.h in Headers */,
				D6E0175B1B08062D00DAFA0C /* AFURLConnectionOperation.h in Headers */,
				D6E017571B08062D00DAFA0C /* AFNetworkReachabilityManager.h in Headers */,
				D6E017591B08062D00DAFA0C /* AFSecurityPolicy.h in Headers */,
				D6E017521B08062D00DAFA0C /* AFHTTPRequestOperationManager.h in Headers */,
				D6E017561B08062D00DAFA0C /* AFNetworking.h in Headers */,
				D6E0176E1B080EEA00DAFA0C /* iCarousel.h in Headers */,
				D6E0175F1B08062D00DAFA0C /* AFURLResponseSerialization.h in Headers */,
			);
			runOnlyForDeploymentPostprocessing = 0;
		};
/* End PBXHeadersBuildPhase section */

/* Begin PBXNativeTarget section */
		D62CA4981B0800B0000768B0 /* FutureFramework */ = {
			isa = PBXNativeTarget;
			buildConfigurationList = D62CA4AF1B0800B0000768B0 /* Build configuration list for PBXNativeTarget "FutureFramework" */;
			buildPhases = (
				D62CA4941B0800B0000768B0 /* Sources */,
				D62CA4951B0800B0000768B0 /* Frameworks */,
				D62CA4961B0800B0000768B0 /* Headers */,
				D62CA4971B0800B0000768B0 /* Resources */,
			);
			buildRules = (
			);
			dependencies = (
			);
			name = FutureFramework;
			productName = FutureFramework;
			productReference = D62CA4991B0800B0000768B0 /* FutureFramework.framework */;
			productType = "com.apple.product-type.framework";
		};
		D62CA4A31B0800B0000768B0 /* FutureFrameworkTests */ = {
			isa = PBXNativeTarget;
			buildConfigurationList = D62CA4B21B0800B0000768B0 /* Build configuration list for PBXNativeTarget "FutureFrameworkTests" */;
			buildPhases = (
				D62CA4A01B0800B0000768B0 /* Sources */,
				D62CA4A11B0800B0000768B0 /* Frameworks */,
				D62CA4A21B0800B0000768B0 /* Resources */,
			);
			buildRules = (
			);
			dependencies = (
				D62CA4A71B0800B0000768B0 /* PBXTargetDependency */,
			);
			name = FutureFrameworkTests;
			productName = FutureFrameworkTests;
			productReference = D62CA4A41B0800B0000768B0 /* FutureFrameworkTests.xctest */;
			productType = "com.apple.product-type.bundle.unit-test";
		};
/* End PBXNativeTarget section */

/* Begin PBXProject section */
		D62CA4901B0800B0000768B0 /* Project object */ = {
			isa = PBXProject;
			attributes = {
				LastUpgradeCheck = 0630;
				ORGANIZATIONNAME = "Josue Hernandez";
				TargetAttributes = {
					D62CA4981B0800B0000768B0 = {
						CreatedOnToolsVersion = 6.3.1;
					};
					D62CA4A31B0800B0000768B0 = {
						CreatedOnToolsVersion = 6.3.1;
					};
				};
			};
			buildConfigurationList = D62CA4931B0800B0000768B0 /* Build configuration list for PBXProject "FutureFramework" */;
			compatibilityVersion = "Xcode 3.2";
			developmentRegion = English;
			hasScannedForEncodings = 0;
			knownRegions = (
				en,
			);
			mainGroup = D62CA48F1B0800B0000768B0;
			productRefGroup = D62CA49A1B0800B0000768B0 /* Products */;
			projectDirPath = "";
			projectRoot = "";
			targets = (
				D62CA4981B0800B0000768B0 /* FutureFramework */,
				D62CA4A31B0800B0000768B0 /* FutureFrameworkTests */,
			);
		};
/* End PBXProject section */

/* Begin PBXResourcesBuildPhase section */
		D62CA4971B0800B0000768B0 /* Resources */ = {
			isa = PBXResourcesBuildPhase;
			buildActionMask = 2147483647;
			files = (
				D6E0177D1B081A2A00DAFA0C /* httpWebServices.plist in Resources */,
			);
			runOnlyForDeploymentPostprocessing = 0;
		};
		D62CA4A21B0800B0000768B0 /* Resources */ = {
			isa = PBXResourcesBuildPhase;
			buildActionMask = 2147483647;
			files = (
			);
			runOnlyForDeploymentPostprocessing = 0;
		};
/* End PBXResourcesBuildPhase section */

/* Begin PBXSourcesBuildPhase section */
		D62CA4941B0800B0000768B0 /* Sources */ = {
			isa = PBXSourcesBuildPhase;
			buildActionMask = 2147483647;
			files = (
				D6E017621B08062D00DAFA0C /* AFURLSessionManager.m in Sources */,
				D6E0176F1B080EEA00DAFA0C /* iCarousel.m in Sources */,
				D6E017551B08062D00DAFA0C /* AFHTTPSessionManager.m in Sources */,
				D6E0175A1B08062D00DAFA0C /* AFSecurityPolicy.m in Sources */,
				D6E017531B08062D00DAFA0C /* AFHTTPRequestOperationManager.m in Sources */,
				D6E017581B08062D00DAFA0C /* AFNetworkReachabilityManager.m in Sources */,
				D6E0177F1B081E7A00DAFA0C /* FutureServices.m in Sources */,
				D6E0175C1B08062D00DAFA0C /* AFURLConnectionOperation.m in Sources */,
				D6E0175E1B08062D00DAFA0C /* AFURLRequestSerialization.m in Sources */,
				D6E017601B08062D00DAFA0C /* AFURLResponseSerialization.m in Sources */,
				D6E017511B08062D00DAFA0C /* AFHTTPRequestOperation.m in Sources */,
			);
			runOnlyForDeploymentPostprocessing = 0;
		};
		D62CA4A01B0800B0000768B0 /* Sources */ = {
			isa = PBXSourcesBuildPhase;
			buildActionMask = 2147483647;
			files = (
				D62CA4AC1B0800B0000768B0 /* FutureFrameworkTests.m in Sources */,
			);
			runOnlyForDeploymentPostprocessing = 0;
		};
/* End PBXSourcesBuildPhase section */

/* Begin PBXTargetDependency section */
		D62CA4A71B0800B0000768B0 /* PBXTargetDependency */ = {
			isa = PBXTargetDependency;
			target = D62CA4981B0800B0000768B0 /* FutureFramework */;
			targetProxy = D62CA4A61B0800B0000768B0 /* PBXContainerItemProxy */;
		};
/* End PBXTargetDependency section */

/* Begin XCBuildConfiguration section */
		D62CA4AD1B0800B0000768B0 /* Debug */ = {
			isa = XCBuildConfiguration;
			buildSettings = {
				ALWAYS_SEARCH_USER_PATHS = NO;
				CLANG_CXX_LANGUAGE_STANDARD = "gnu++0x";
				CLANG_CXX_LIBRARY = "libc++";
				CLANG_ENABLE_MODULES = YES;
				CLANG_ENABLE_OBJC_ARC = YES;
				CLANG_WARN_BOOL_CONVERSION = YES;
				CLANG_WARN_CONSTANT_CONVERSION = YES;
				CLANG_WARN_DIRECT_OBJC_ISA_USAGE = YES_ERROR;
				CLANG_WARN_EMPTY_BODY = YES;
				CLANG_WARN_ENUM_CONVERSION = YES;
				CLANG_WARN_INT_CONVERSION = YES;
				CLANG_WARN_OBJC_ROOT_CLASS = YES_ERROR;
				CLANG_WARN_UNREACHABLE_CODE = YES;
				CLANG_WARN__DUPLICATE_METHOD_MATCH = YES;
				"CODE_SIGN_IDENTITY[sdk=iphoneos*]" = "iPhone Developer";
				COPY_PHASE_STRIP = NO;
				CURRENT_PROJECT_VERSION = 1;
				DEBUG_INFORMATION_FORMAT = "dwarf-with-dsym";
				ENABLE_STRICT_OBJC_MSGSEND = YES;
				GCC_C_LANGUAGE_STANDARD = gnu99;
				GCC_DYNAMIC_NO_PIC = NO;
				GCC_NO_COMMON_BLOCKS = YES;
				GCC_OPTIMIZATION_LEVEL = 0;
				GCC_PREPROCESSOR_DEFINITIONS = (
					"DEBUG=1",
					"$(inherited)",
				);
				GCC_SYMBOLS_PRIVATE_EXTERN = NO;
				GCC_WARN_64_TO_32_BIT_CONVERSION = YES;
				GCC_WARN_ABOUT_RETURN_TYPE = YES_ERROR;
				GCC_WARN_UNDECLARED_SELECTOR = YES;
				GCC_WARN_UNINITIALIZED_AUTOS = YES_AGGRESSIVE;
				GCC_WARN_UNUSED_FUNCTION = YES;
				GCC_WARN_UNUSED_VARIABLE = YES;
				IPHONEOS_DEPLOYMENT_TARGET = 8.3;
				MTL_ENABLE_DEBUG_INFO = YES;
				ONLY_ACTIVE_ARCH = YES;
				SDKROOT = iphoneos;
				TARGETED_DEVICE_FAMILY = "1,2";
				VERSIONING_SYSTEM = "apple-generic";
				VERSION_INFO_PREFIX = "";
			};
			name = Debug;
		};
		D62CA4AE1B0800B0000768B0 /* Release */ = {
			isa = XCBuildConfiguration;
			buildSettings = {
				ALWAYS_SEARCH_USER_PATHS = NO;
				CLANG_CXX_LANGUAGE_STANDARD = "gnu++0x";
				CLANG_CXX_LIBRARY = "libc++";
				CLANG_ENABLE_MODULES = YES;
				CLANG_ENABLE_OBJC_ARC = YES;
				CLANG_WARN_BOOL_CONVERSION = YES;
				CLANG_WARN_CONSTANT_CONVERSION = YES;
				CLANG_WARN_DIRECT_OBJC_ISA_USAGE = YES_ERROR;
				CLANG_WARN_EMPTY_BODY = YES;
				CLANG_WARN_ENUM_CONVERSION = YES;
				CLANG_WARN_INT_CONVERSION = YES;
				CLANG_WARN_OBJC_ROOT_CLASS = YES_ERROR;
				CLANG_WARN_UNREACHABLE_CODE = YES;
				CLANG_WARN__DUPLICATE_METHOD_MATCH = YES;
				"CODE_SIGN_IDENTITY[sdk=iphoneos*]" = "iPhone Developer";
				COPY_PHASE_STRIP = NO;
				CURRENT_PROJECT_VERSION = 1;
				DEBUG_INFORMATION_FORMAT = "dwarf-with-dsym";
				ENABLE_NS_ASSERTIONS = NO;
				ENABLE_STRICT_OBJC_MSGSEND = YES;
				GCC_C_LANGUAGE_STANDARD = gnu99;
				GCC_NO_COMMON_BLOCKS = YES;
				GCC_WARN_64_TO_32_BIT_CONVERSION = YES;
				GCC_WARN_ABOUT_RETURN_TYPE = YES_ERROR;
				GCC_WARN_UNDECLARED_SELECTOR = YES;
				GCC_WARN_UNINITIALIZED_AUTOS = YES_AGGRESSIVE;
				GCC_WARN_UNUSED_FUNCTION = YES;
				GCC_WARN_UNUSED_VARIABLE = YES;
				IPHONEOS_DEPLOYMENT_TARGET = 8.3;
				MTL_ENABLE_DEBUG_INFO = NO;
				SDKROOT = iphoneos;
				TARGETED_DEVICE_FAMILY = "1,2";
				VALIDATE_PRODUCT = YES;
				VERSIONING_SYSTEM = "apple-generic";
				VERSION_INFO_PREFIX = "";
			};
			name = Release;
		};
		D62CA4B01B0800B0000768B0 /* Debug */ = {
			isa = XCBuildConfiguration;
			buildSettings = {
				CLANG_ENABLE_MODULES = YES;
				DEFINES_MODULE = YES;
				DYLIB_COMPATIBILITY_VERSION = 1;
				DYLIB_CURRENT_VERSION = 1;
				DYLIB_INSTALL_NAME_BASE = "@rpath";
				INFOPLIST_FILE = FutureFramework/Info.plist;
				INSTALL_PATH = "$(LOCAL_LIBRARY_DIR)/Frameworks";
				LD_RUNPATH_SEARCH_PATHS = "$(inherited) @executable_path/Frameworks @loader_path/Frameworks";
				PRODUCT_NAME = "$(TARGET_NAME)";
				SKIP_INSTALL = YES;
				SWIFT_OPTIMIZATION_LEVEL = "-Onone";
			};
			name = Debug;
		};
		D62CA4B11B0800B0000768B0 /* Release */ = {
			isa = XCBuildConfiguration;
			buildSettings = {
				CLANG_ENABLE_MODULES = YES;
				DEFINES_MODULE = YES;
				DYLIB_COMPATIBILITY_VERSION = 1;
				DYLIB_CURRENT_VERSION = 1;
				DYLIB_INSTALL_NAME_BASE = "@rpath";
				INFOPLIST_FILE = FutureFramework/Info.plist;
				INSTALL_PATH = "$(LOCAL_LIBRARY_DIR)/Frameworks";
				LD_RUNPATH_SEARCH_PATHS = "$(inherited) @executable_path/Frameworks @loader_path/Frameworks";
				PRODUCT_NAME = "$(TARGET_NAME)";
				SKIP_INSTALL = YES;
			};
			name = Release;
		};
		D62CA4B31B0800B0000768B0 /* Debug */ = {
			isa = XCBuildConfiguration;
			buildSettings = {
				FRAMEWORK_SEARCH_PATHS = (
					"$(SDKROOT)/Developer/Library/Frameworks",
					"$(inherited)",
				);
				GCC_PREPROCESSOR_DEFINITIONS = (
					"DEBUG=1",
					"$(inherited)",
				);
				INFOPLIST_FILE = FutureFrameworkTests/Info.plist;
				LD_RUNPATH_SEARCH_PATHS = "$(inherited) @executable_path/Frameworks @loader_path/Frameworks";
				PRODUCT_NAME = "$(TARGET_NAME)";
			};
			name = Debug;
		};
		D62CA4B41B0800B0000768B0 /* Release */ = {
			isa = XCBuildConfiguration;
			buildSettings = {
				FRAMEWORK_SEARCH_PATHS = (
					"$(SDKROOT)/Developer/Library/Frameworks",
					"$(inherited)",
				);
				INFOPLIST_FILE = FutureFrameworkTests/Info.plist;
				LD_RUNPATH_SEARCH_PATHS = "$(inherited) @executable_path/Frameworks @loader_path/Frameworks";
				PRODUCT_NAME = "$(TARGET_NAME)";
			};
			name = Release;
		};
/* End XCBuildConfiguration section */

/* Begin XCConfigurationList section */
		D62CA4931B0800B0000768B0 /* Build configuration list for PBXProject "FutureFramework" */ = {
			isa = XCConfigurationList;
			buildConfigurations = (
				D62CA4AD1B0800B0000768B0 /* Debug */,
				D62CA4AE1B0800B0000768B0 /* Release */,
			);
			defaultConfigurationIsVisible = 0;
			defaultConfigurationName = Release;
		};
		D62CA4AF1B0800B0000768B0 /* Build configuration list for PBXNativeTarget "FutureFramework" */ = {
			isa = XCConfigurationList;
			buildConfigurations = (
				D62CA4B01B0800B0000768B0 /* Debug */,
				D62CA4B11B0800B0000768B0 /* Release */,
			);
			defaultConfigurationIsVisible = 0;
			defaultConfigurationName = Release;
		};
		D62CA4B21B0800B0000768B0 /* Build configuration list for PBXNativeTarget "FutureFrameworkTests" */ = {
			isa = XCConfigurationList;
			buildConfigurations = (
				D62CA4B31B0800B0000768B0 /* Debug */,
				D62CA4B41B0800B0000768B0 /* Release */,
			);
			defaultConfigurationIsVisible = 0;
			defaultConfigurationName = Release;
		};
/* End XCConfigurationList section */
	};
	rootObject = D62CA4901B0800B0000768B0 /* Project object */;
}
